
Microsoft Visual Studio Solution File, Format Version 12.00
# Visual Studio Version 16
VisualStudioVersion = 16.0.32929.386
MinimumVisualStudioVersion = 10.0.40219.1
Project("{FAE04EC0-301F-11D3-BF4B-00C04F79EFBC}") = "LinqTest2", "LinqTest2\LinqTest2.csproj", "{B58CF284-DCC1-43A4-8F24-8C63C308B179}"
EndProject
Global
	GlobalSection(SolutionConfigurationPlatforms) = preSolution
		Debug|Any CPU = Debug|Any CPU
		Release|Any CPU = Release|Any CPU
	EndGlobalSection
	GlobalSection(ProjectConfigurationPlatforms) = postSolution
		{B58CF284-DCC1-43A4-8F24-8C63C308B179}.Debug|Any CPU.ActiveCfg = Debug|Any CPU
		{B58CF284-DCC1-43A4-8F24-8C63C308B179}.Debug|Any CPU.Build.0 = Debug|Any CPU
		{B58CF284-DCC1-43A4-8F24-8C63C308B179}.Release|Any CPU.ActiveCfg = Release|Any CPU
		{B58CF284-DCC1-43A4-8F24-8C63C308B179}.Release|Any CPU.Build.0 = Release|Any CPU
	EndGlobalSection
	GlobalSection(SolutionProperties) = preSolution
		HideSolutionNode = FALSE
	EndGlobalSection
	GlobalSection(ExtensibilityGlobals) = postSolution
		SolutionGuid = {1CA9F276-4C37-4642-9E66-D24A0803E0E8}
	EndGlobalSection
EndGlobal
