
Microsoft Visual Studio Solution File, Format Version 12.00
# Visual Studio Version 16
VisualStudioVersion = 16.0.32929.386
MinimumVisualStudioVersion = 10.0.40219.1
Project("{FAE04EC0-301F-11D3-BF4B-00C04F79EFBC}") = "PartialForTest", "PartialForTest.csproj", "{2EF9E2F6-7E46-4052-95A5-AD20E8F4A220}"
EndProject
Global
	GlobalSection(SolutionConfigurationPlatforms) = preSolution
		Debug|Any CPU = Debug|Any CPU
		Release|Any CPU = Release|Any CPU
	EndGlobalSection
	GlobalSection(ProjectConfigurationPlatforms) = postSolution
		{2EF9E2F6-7E46-4052-95A5-AD20E8F4A220}.Debug|Any CPU.ActiveCfg = Debug|Any CPU
		{2EF9E2F6-7E46-4052-95A5-AD20E8F4A220}.Debug|Any CPU.Build.0 = Debug|Any CPU
		{2EF9E2F6-7E46-4052-95A5-AD20E8F4A220}.Release|Any CPU.ActiveCfg = Release|Any CPU
		{2EF9E2F6-7E46-4052-95A5-AD20E8F4A220}.Release|Any CPU.Build.0 = Release|Any CPU
	EndGlobalSection
	GlobalSection(SolutionProperties) = preSolution
		HideSolutionNode = FALSE
	EndGlobalSection
	GlobalSection(ExtensibilityGlobals) = postSolution
		SolutionGuid = {4A9355DA-0355-4B95-AB6C-4B923851545A}
	EndGlobalSection
EndGlobal
