
Microsoft Visual Studio Solution File, Format Version 12.00
# Visual Studio Version 16
VisualStudioVersion = 16.0.32802.440
MinimumVisualStudioVersion = 10.0.40219.1
Project("{FAE04EC0-301F-11D3-BF4B-00C04F79EFBC}") = "Product", "Product.csproj", "{94D83AE5-8A9F-4B34-B56C-199E95E9F335}"
EndProject
Global
	GlobalSection(SolutionConfigurationPlatforms) = preSolution
		Debug|Any CPU = Debug|Any CPU
		Release|Any CPU = Release|Any CPU
	EndGlobalSection
	GlobalSection(ProjectConfigurationPlatforms) = postSolution
		{94D83AE5-8A9F-4B34-B56C-199E95E9F335}.Debug|Any CPU.ActiveCfg = Debug|Any CPU
		{94D83AE5-8A9F-4B34-B56C-199E95E9F335}.Debug|Any CPU.Build.0 = Debug|Any CPU
		{94D83AE5-8A9F-4B34-B56C-199E95E9F335}.Release|Any CPU.ActiveCfg = Release|Any CPU
		{94D83AE5-8A9F-4B34-B56C-199E95E9F335}.Release|Any CPU.Build.0 = Release|Any CPU
	EndGlobalSection
	GlobalSection(SolutionProperties) = preSolution
		HideSolutionNode = FALSE
	EndGlobalSection
	GlobalSection(ExtensibilityGlobals) = postSolution
		SolutionGuid = {72C9F04E-0A34-47ED-9709-C8AB9CA6262C}
	EndGlobalSection
EndGlobal
