
Microsoft Visual Studio Solution File, Format Version 12.00
# Visual Studio Version 16
VisualStudioVersion = 16.0.32929.386
MinimumVisualStudioVersion = 10.0.40219.1
Project("{FAE04EC0-301F-11D3-BF4B-00C04F79EFBC}") = "Gacha2", "Gacha2\Gacha2.csproj", "{CBD7C621-90B5-4365-BF2A-76B7AF53A798}"
EndProject
Global
	GlobalSection(SolutionConfigurationPlatforms) = preSolution
		Debug|Any CPU = Debug|Any CPU
		Release|Any CPU = Release|Any CPU
	EndGlobalSection
	GlobalSection(ProjectConfigurationPlatforms) = postSolution
		{CBD7C621-90B5-4365-BF2A-76B7AF53A798}.Debug|Any CPU.ActiveCfg = Debug|Any CPU
		{CBD7C621-90B5-4365-BF2A-76B7AF53A798}.Debug|Any CPU.Build.0 = Debug|Any CPU
		{CBD7C621-90B5-4365-BF2A-76B7AF53A798}.Release|Any CPU.ActiveCfg = Release|Any CPU
		{CBD7C621-90B5-4365-BF2A-76B7AF53A798}.Release|Any CPU.Build.0 = Release|Any CPU
	EndGlobalSection
	GlobalSection(SolutionProperties) = preSolution
		HideSolutionNode = FALSE
	EndGlobalSection
	GlobalSection(ExtensibilityGlobals) = postSolution
		SolutionGuid = {B7708448-BD09-4593-8F83-518770001148}
	EndGlobalSection
EndGlobal
